
Microsoft Visual Studio Solution File, Format Version 12.00
# Visual Studio Version 17
VisualStudioVersion = 17.4.33403.182
MinimumVisualStudioVersion = 10.0.40219.1
Project("{9A19103F-16F7-4668-BE54-9A1E7A4F7556}") = "UserManager", "Src\UserManager.csproj", "{94D58CE2-8965-45E0-AB75-34F4C2CA9BD7}"
EndProject
Project("{9A19103F-16F7-4668-BE54-9A1E7A4F7556}") = "Tests", "Tests\Tests.csproj", "{2C350F14-F778-41E5-AF5F-A3F927465004}"
EndProject
Global
	GlobalSection(SolutionConfigurationPlatforms) = preSolution
		Debug|Any CPU = Debug|Any CPU
		Release|Any CPU = Release|Any CPU
	EndGlobalSection
	GlobalSection(ProjectConfigurationPlatforms) = postSolution
		{94D58CE2-8965-45E0-AB75-34F4C2CA9BD7}.Debug|Any CPU.ActiveCfg = Debug|Any CPU
		{94D58CE2-8965-45E0-AB75-34F4C2CA9BD7}.Debug|Any CPU.Build.0 = Debug|Any CPU
		{94D58CE2-8965-45E0-AB75-34F4C2CA9BD7}.Release|Any CPU.ActiveCfg = Release|Any CPU
		{94D58CE2-8965-45E0-AB75-34F4C2CA9BD7}.Release|Any CPU.Build.0 = Release|Any CPU
		{2C350F14-F778-41E5-AF5F-A3F927465004}.Debug|Any CPU.ActiveCfg = Debug|Any CPU
		{2C350F14-F778-41E5-AF5F-A3F927465004}.Debug|Any CPU.Build.0 = Debug|Any CPU
		{2C350F14-F778-41E5-AF5F-A3F927465004}.Release|Any CPU.ActiveCfg = Release|Any CPU
		{2C350F14-F778-41E5-AF5F-A3F927465004}.Release|Any CPU.Build.0 = Release|Any CPU
	EndGlobalSection
	GlobalSection(SolutionProperties) = preSolution
		HideSolutionNode = FALSE
	EndGlobalSection
	GlobalSection(ExtensibilityGlobals) = postSolution
		SolutionGuid = {A9906533-301C-4335-8EFD-9469BF8EA74F}
	EndGlobalSection
EndGlobal
